
Microsoft Visual Studio Solution File, Format Version 12.00
# Visual Studio Version 17
VisualStudioVersion = 17.11.35222.181
MinimumVisualStudioVersion = 10.0.40219.1
Project("{FAE04EC0-301F-11D3-BF4B-00C04F79EFBC}") = "DDD", "DDD\DDD.csproj", "{85F997B4-0905-41D5-81BB-1ECC291B7078}"
EndProject
Global
	GlobalSection(SolutionConfigurationPlatforms) = preSolution
		Debug|Any CPU = Debug|Any CPU
		Release|Any CPU = Release|Any CPU
	EndGlobalSection
	GlobalSection(ProjectConfigurationPlatforms) = postSolution
		{85F997B4-0905-41D5-81BB-1ECC291B7078}.Debug|Any CPU.ActiveCfg = Debug|Any CPU
		{85F997B4-0905-41D5-81BB-1ECC291B7078}.Debug|Any CPU.Build.0 = Debug|Any CPU
		{85F997B4-0905-41D5-81BB-1ECC291B7078}.Release|Any CPU.ActiveCfg = Release|Any CPU
		{85F997B4-0905-41D5-81BB-1ECC291B7078}.Release|Any CPU.Build.0 = Release|Any CPU
	EndGlobalSection
	GlobalSection(SolutionProperties) = preSolution
		HideSolutionNode = FALSE
	EndGlobalSection
	GlobalSection(ExtensibilityGlobals) = postSolution
		SolutionGuid = {5E54C531-D6DD-46AB-9162-7444EA8B9DCA}
	EndGlobalSection
EndGlobal
